# This file is automatically @generated by Cargo.
# It is not intended for manual editing.
version = 4

[[package]]
name = "cb-backend-interp"
version = "0.1.0"
dependencies = [
 "cb-ir",
]

[[package]]
name = "cb-backend-llvm"
version = "0.1.0"
dependencies = [
 "cb-ir",
]

[[package]]
name = "cb-driver"
version = "0.1.0"
dependencies = [
 "cb-backend-interp",
 "cb-backend-llvm",
 "cb-frontend",
 "cb-ir",
]

[[package]]
name = "cb-frontend"
version = "0.1.0"

[[package]]
name = "cb-ir"
version = "0.1.0"
